// !$*UTF8*$!
{
	archiveVersion = 1;
	classes = {
	};
	objectVersion = 56;
	objects = {

/* Begin PBXBuildFile section */
		F86505CB2A31EA8D00F71743 /* ExerciseListViewModel.swift in Sources */ = {isa = PBXBuildFile; fileRef = F86505CA2A31EA8D00F71743 /* ExerciseListViewModel.swift */; };
		F86505CE2A31F1EB00F71743 /* Exercise.swift in Sources */ = {isa = PBXBuildFile; fileRef = F86505CD2A31F1EB00F71743 /* Exercise.swift */; };
		F86505D12A31F4F000F71743 /* FirebaseFirestoreSwift in Frameworks */ = {isa = PBXBuildFile; productRef = F86505D02A31F4F000F71743 /* FirebaseFirestoreSwift */; };
		F86505D32A31F68E00F71743 /* README.md in Resources */ = {isa = PBXBuildFile; fileRef = F86505D22A31F68E00F71743 /* README.md */; };
		F8702C332A33069900D33719 /* ExerciseView.swift in Sources */ = {isa = PBXBuildFile; fileRef = F8702C322A33069900D33719 /* ExerciseView.swift */; };
		F8702C352A330BA500D33719 /* Session.swift in Sources */ = {isa = PBXBuildFile; fileRef = F8702C342A330BA500D33719 /* Session.swift */; };
		F8702C372A330CC300D33719 /* ExerciseViewModel.swift in Sources */ = {isa = PBXBuildFile; fileRef = F8702C362A330CC300D33719 /* ExerciseViewModel.swift */; };
		F88CF2462A332262000ABA2A /* NewSessionView.swift in Sources */ = {isa = PBXBuildFile; fileRef = F88CF2452A332262000ABA2A /* NewSessionView.swift */; };
		F88CF2482A3324BB000ABA2A /* NewSessionViewModel.swift in Sources */ = {isa = PBXBuildFile; fileRef = F88CF2472A3324BB000ABA2A /* NewSessionViewModel.swift */; };
		F89E001C2A32041000FA4F5E /* FirestoreManager.swift in Sources */ = {isa = PBXBuildFile; fileRef = F89E001B2A32041000FA4F5E /* FirestoreManager.swift */; };
		F89E001F2A32FF2500FA4F5E /* String+Extensions.swift in Sources */ = {isa = PBXBuildFile; fileRef = F89E001E2A32FF2500FA4F5E /* String+Extensions.swift */; };
		F89E46B32A3335E400912358 /* exercises.png in Resources */ = {isa = PBXBuildFile; fileRef = F89E46B12A3335E400912358 /* exercises.png */; };
		F89E46B42A3335E400912358 /* benchPress.png in Resources */ = {isa = PBXBuildFile; fileRef = F89E46B22A3335E400912358 /* benchPress.png */; };
		F8D997C42A31CF7E0031B309 /* GymProgressApp.swift in Sources */ = {isa = PBXBuildFile; fileRef = F8D997C32A31CF7E0031B309 /* GymProgressApp.swift */; };
		F8D997C62A31CF7E0031B309 /* ExerciseListView.swift in Sources */ = {isa = PBXBuildFile; fileRef = F8D997C52A31CF7E0031B309 /* ExerciseListView.swift */; };
		F8D997C82A31CF7F0031B309 /* Assets.xcassets in Resources */ = {isa = PBXBuildFile; fileRef = F8D997C72A31CF7F0031B309 /* Assets.xcassets */; };
		F8D997CB2A31CF7F0031B309 /* Preview Assets.xcassets in Resources */ = {isa = PBXBuildFile; fileRef = F8D997CA2A31CF7F0031B309 /* Preview Assets.xcassets */; };
		F8D997D32A31D0290031B309 /* FirebaseAuth in Frameworks */ = {isa = PBXBuildFile; productRef = F8D997D22A31D0290031B309 /* FirebaseAuth */; };
		F8D997D72A31D0A10031B309 /* GoogleService-Info.plist in Resources */ = {isa = PBXBuildFile; fileRef = F8D997D62A31D0A10031B309 /* GoogleService-Info.plist */; };
		F8D997DB2A31D1B10031B309 /* RegisterView.swift in Sources */ = {isa = PBXBuildFile; fileRef = F8D997DA2A31D1B10031B309 /* RegisterView.swift */; };
		F8D997DD2A31D5640031B309 /* LoginView.swift in Sources */ = {isa = PBXBuildFile; fileRef = F8D997DC2A31D5640031B309 /* LoginView.swift */; };
		F8D997E02A31D7450031B309 /* AuthManager.swift in Sources */ = {isa = PBXBuildFile; fileRef = F8D997DF2A31D7450031B309 /* AuthManager.swift */; };
/* End PBXBuildFile section */

/* Begin PBXFileReference section */
		F86505CA2A31EA8D00F71743 /* ExerciseListViewModel.swift */ = {isa = PBXFileReference; lastKnownFileType = sourcecode.swift; path = ExerciseListViewModel.swift; sourceTree = "<group>"; };
		F86505CD2A31F1EB00F71743 /* Exercise.swift */ = {isa = PBXFileReference; lastKnownFileType = sourcecode.swift; path = Exercise.swift; sourceTree = "<group>"; };
		F86505D22A31F68E00F71743 /* README.md */ = {isa = PBXFileReference; fileEncoding = 4; lastKnownFileType = net.daringfireball.markdown; path = README.md; sourceTree = "<group>"; };
		F8702C322A33069900D33719 /* ExerciseView.swift */ = {isa = PBXFileReference; lastKnownFileType = sourcecode.swift; path = ExerciseView.swift; sourceTree = "<group>"; };
		F8702C342A330BA500D33719 /* Session.swift */ = {isa = PBXFileReference; lastKnownFileType = sourcecode.swift; path = Session.swift; sourceTree = "<group>"; };
		F8702C362A330CC300D33719 /* ExerciseViewModel.swift */ = {isa = PBXFileReference; lastKnownFileType = sourcecode.swift; path = ExerciseViewModel.swift; sourceTree = "<group>"; };
		F88CF2452A332262000ABA2A /* NewSessionView.swift */ = {isa = PBXFileReference; lastKnownFileType = sourcecode.swift; path = NewSessionView.swift; sourceTree = "<group>"; };
		F88CF2472A3324BB000ABA2A /* NewSessionViewModel.swift */ = {isa = PBXFileReference; lastKnownFileType = sourcecode.swift; path = NewSessionViewModel.swift; sourceTree = "<group>"; };
		F89E001B2A32041000FA4F5E /* FirestoreManager.swift */ = {isa = PBXFileReference; lastKnownFileType = sourcecode.swift; path = FirestoreManager.swift; sourceTree = "<group>"; };
		F89E001E2A32FF2500FA4F5E /* String+Extensions.swift */ = {isa = PBXFileReference; lastKnownFileType = sourcecode.swift; path = "String+Extensions.swift"; sourceTree = "<group>"; };
		F89E46B12A3335E400912358 /* exercises.png */ = {isa = PBXFileReference; lastKnownFileType = image.png; path = exercises.png; sourceTree = "<group>"; };
		F89E46B22A3335E400912358 /* benchPress.png */ = {isa = PBXFileReference; lastKnownFileType = image.png; path = benchPress.png; sourceTree = "<group>"; };
		F8D997C02A31CF7E0031B309 /* GymProgress.app */ = {isa = PBXFileReference; explicitFileType = wrapper.application; includeInIndex = 0; path = GymProgress.app; sourceTree = BUILT_PRODUCTS_DIR; };
		F8D997C32A31CF7E0031B309 /* GymProgressApp.swift */ = {isa = PBXFileReference; lastKnownFileType = sourcecode.swift; path = GymProgressApp.swift; sourceTree = "<group>"; };
		F8D997C52A31CF7E0031B309 /* ExerciseListView.swift */ = {isa = PBXFileReference; lastKnownFileType = sourcecode.swift; path = ExerciseListView.swift; sourceTree = "<group>"; };
		F8D997C72A31CF7F0031B309 /* Assets.xcassets */ = {isa = PBXFileReference; lastKnownFileType = folder.assetcatalog; path = Assets.xcassets; sourceTree = "<group>"; };
		F8D997CA2A31CF7F0031B309 /* Preview Assets.xcassets */ = {isa = PBXFileReference; lastKnownFileType = folder.assetcatalog; path = "Preview Assets.xcassets"; sourceTree = "<group>"; };
		F8D997D62A31D0A10031B309 /* GoogleService-Info.plist */ = {isa = PBXFileReference; fileEncoding = 4; lastKnownFileType = text.plist.xml; path = "GoogleService-Info.plist"; sourceTree = "<group>"; };
		F8D997DA2A31D1B10031B309 /* RegisterView.swift */ = {isa = PBXFileReference; lastKnownFileType = sourcecode.swift; path = RegisterView.swift; sourceTree = "<group>"; };
		F8D997DC2A31D5640031B309 /* LoginView.swift */ = {isa = PBXFileReference; lastKnownFileType = sourcecode.swift; path = LoginView.swift; sourceTree = "<group>"; };
		F8D997DF2A31D7450031B309 /* AuthManager.swift */ = {isa = PBXFileReference; lastKnownFileType = sourcecode.swift; path = AuthManager.swift; sourceTree = "<group>"; };
/* End PBXFileReference section */

/* Begin PBXFrameworksBuildPhase section */
		F8D997BD2A31CF7E0031B309 /* Frameworks */ = {
			isa = PBXFrameworksBuildPhase;
			buildActionMask = 2147483647;
			files = (
				F8D997D32A31D0290031B309 /* FirebaseAuth in Frameworks */,
				F86505D12A31F4F000F71743 /* FirebaseFirestoreSwift in Frameworks */,
			);
			runOnlyForDeploymentPostprocessing = 0;
		};
/* End PBXFrameworksBuildPhase section */

/* Begin PBXGroup section */
		F86505CC2A31F1E000F71743 /* Models */ = {
			isa = PBXGroup;
			children = (
				F86505CD2A31F1EB00F71743 /* Exercise.swift */,
				F8702C342A330BA500D33719 /* Session.swift */,
			);
			path = Models;
			sourceTree = "<group>";
		};
		F86505CF2A31F4F000F71743 /* Frameworks */ = {
			isa = PBXGroup;
			children = (
			);
			name = Frameworks;
			sourceTree = "<group>";
		};
		F89E001D2A32FEF600FA4F5E /* Extensions */ = {
			isa = PBXGroup;
			children = (
				F89E001E2A32FF2500FA4F5E /* String+Extensions.swift */,
			);
			path = Extensions;
			sourceTree = "<group>";
		};
		F89E46B02A3335C700912358 /* Screenshots */ = {
			isa = PBXGroup;
			children = (
				F89E46B12A3335E400912358 /* exercises.png */,
				F89E46B22A3335E400912358 /* benchPress.png */,
			);
			path = Screenshots;
			sourceTree = "<group>";
		};
		F8D997B72A31CF7E0031B309 = {
			isa = PBXGroup;
			children = (
				F8D997C22A31CF7E0031B309 /* GymProgress */,
				F8D997C12A31CF7E0031B309 /* Products */,
				F86505CF2A31F4F000F71743 /* Frameworks */,
				F89E46B02A3335C700912358 /* Screenshots */,
				F86505D22A31F68E00F71743 /* README.md */,
			);
			sourceTree = "<group>";
		};
		F8D997C12A31CF7E0031B309 /* Products */ = {
			isa = PBXGroup;
			children = (
				F8D997C02A31CF7E0031B309 /* GymProgress.app */,
			);
			name = Products;
			sourceTree = "<group>";
		};
		F8D997C22A31CF7E0031B309 /* GymProgress */ = {
			isa = PBXGroup;
			children = (
				F8D997C32A31CF7E0031B309 /* GymProgressApp.swift */,
				F86505CC2A31F1E000F71743 /* Models */,
				F8D997D82A31D0B50031B309 /* Views */,
				F8D997DE2A31D7160031B309 /* ViewModels */,
				F89E001D2A32FEF600FA4F5E /* Extensions */,
				F8D997D62A31D0A10031B309 /* GoogleService-Info.plist */,
				F8D997C72A31CF7F0031B309 /* Assets.xcassets */,
				F8D997C92A31CF7F0031B309 /* Preview Content */,
			);
			path = GymProgress;
			sourceTree = "<group>";
		};
		F8D997C92A31CF7F0031B309 /* Preview Content */ = {
			isa = PBXGroup;
			children = (
				F8D997CA2A31CF7F0031B309 /* Preview Assets.xcassets */,
			);
			path = "Preview Content";
			sourceTree = "<group>";
		};
		F8D997D82A31D0B50031B309 /* Views */ = {
			isa = PBXGroup;
			children = (
				F8D997C52A31CF7E0031B309 /* ExerciseListView.swift */,
				F8D997DA2A31D1B10031B309 /* RegisterView.swift */,
				F8D997DC2A31D5640031B309 /* LoginView.swift */,
				F8702C322A33069900D33719 /* ExerciseView.swift */,
				F88CF2452A332262000ABA2A /* NewSessionView.swift */,
			);
			path = Views;
			sourceTree = "<group>";
		};
		F8D997DE2A31D7160031B309 /* ViewModels */ = {
			isa = PBXGroup;
			children = (
				F8D997DF2A31D7450031B309 /* AuthManager.swift */,
				F86505CA2A31EA8D00F71743 /* ExerciseListViewModel.swift */,
				F89E001B2A32041000FA4F5E /* FirestoreManager.swift */,
				F8702C362A330CC300D33719 /* ExerciseViewModel.swift */,
				F88CF2472A3324BB000ABA2A /* NewSessionViewModel.swift */,
			);
			path = ViewModels;
			sourceTree = "<group>";
		};
/* End PBXGroup section */

/* Begin PBXNativeTarget section */
		F8D997BF2A31CF7E0031B309 /* GymProgress */ = {
			isa = PBXNativeTarget;
			buildConfigurationList = F8D997CE2A31CF7F0031B309 /* Build configuration list for PBXNativeTarget "GymProgress" */;
			buildPhases = (
				F8D997BC2A31CF7E0031B309 /* Sources */,
				F8D997BD2A31CF7E0031B309 /* Frameworks */,
				F8D997BE2A31CF7E0031B309 /* Resources */,
			);
			buildRules = (
			);
			dependencies = (
			);
			name = GymProgress;
			packageProductDependencies = (
				F8D997D22A31D0290031B309 /* FirebaseAuth */,
				F86505D02A31F4F000F71743 /* FirebaseFirestoreSwift */,
			);
			productName = GymProgress;
			productReference = F8D997C02A31CF7E0031B309 /* GymProgress.app */;
			productType = "com.apple.product-type.application";
		};
/* End PBXNativeTarget section */

/* Begin PBXProject section */
		F8D997B82A31CF7E0031B309 /* Project object */ = {
			isa = PBXProject;
			attributes = {
				BuildIndependentTargetsInParallel = 1;
				LastSwiftUpdateCheck = 1430;
				LastUpgradeCheck = 1430;
				TargetAttributes = {
					F8D997BF2A31CF7E0031B309 = {
						CreatedOnToolsVersion = 14.3.1;
					};
				};
			};
			buildConfigurationList = F8D997BB2A31CF7E0031B309 /* Build configuration list for PBXProject "GymProgress" */;
			compatibilityVersion = "Xcode 14.0";
			developmentRegion = en;
			hasScannedForEncodings = 0;
			knownRegions = (
				en,
				Base,
			);
			mainGroup = F8D997B72A31CF7E0031B309;
			packageReferences = (
				F8D997D12A31D0290031B309 /* XCRemoteSwiftPackageReference "firebase-ios-sdk" */,
			);
			productRefGroup = F8D997C12A31CF7E0031B309 /* Products */;
			projectDirPath = "";
			projectRoot = "";
			targets = (
				F8D997BF2A31CF7E0031B309 /* GymProgress */,
			);
		};
/* End PBXProject section */

/* Begin PBXResourcesBuildPhase section */
		F8D997BE2A31CF7E0031B309 /* Resources */ = {
			isa = PBXResourcesBuildPhase;
			buildActionMask = 2147483647;
			files = (
				F8D997CB2A31CF7F0031B309 /* Preview Assets.xcassets in Resources */,
				F8D997C82A31CF7F0031B309 /* Assets.xcassets in Resources */,
				F86505D32A31F68E00F71743 /* README.md in Resources */,
				F89E46B42A3335E400912358 /* benchPress.png in Resources */,
				F8D997D72A31D0A10031B309 /* GoogleService-Info.plist in Resources */,
				F89E46B32A3335E400912358 /* exercises.png in Resources */,
			);
			runOnlyForDeploymentPostprocessing = 0;
		};
/* End PBXResourcesBuildPhase section */

/* Begin PBXSourcesBuildPhase section */
		F8D997BC2A31CF7E0031B309 /* Sources */ = {
			isa = PBXSourcesBuildPhase;
			buildActionMask = 2147483647;
			files = (
				F8D997DB2A31D1B10031B309 /* RegisterView.swift in Sources */,
				F86505CB2A31EA8D00F71743 /* ExerciseListViewModel.swift in Sources */,
				F8D997C62A31CF7E0031B309 /* ExerciseListView.swift in Sources */,
				F8D997E02A31D7450031B309 /* AuthManager.swift in Sources */,
				F8702C332A33069900D33719 /* ExerciseView.swift in Sources */,
				F89E001F2A32FF2500FA4F5E /* String+Extensions.swift in Sources */,
				F8702C372A330CC300D33719 /* ExerciseViewModel.swift in Sources */,
				F8D997DD2A31D5640031B309 /* LoginView.swift in Sources */,
				F88CF2462A332262000ABA2A /* NewSessionView.swift in Sources */,
				F8702C352A330BA500D33719 /* Session.swift in Sources */,
				F86505CE2A31F1EB00F71743 /* Exercise.swift in Sources */,
				F89E001C2A32041000FA4F5E /* FirestoreManager.swift in Sources */,
				F88CF2482A3324BB000ABA2A /* NewSessionViewModel.swift in Sources */,
				F8D997C42A31CF7E0031B309 /* GymProgressApp.swift in Sources */,
			);
			runOnlyForDeploymentPostprocessing = 0;
		};
/* End PBXSourcesBuildPhase section */

/* Begin XCBuildConfiguration section */
		F8D997CC2A31CF7F0031B309 /* Debug */ = {
			isa = XCBuildConfiguration;
			buildSettings = {
				ALWAYS_SEARCH_USER_PATHS = NO;
				CLANG_ANALYZER_NONNULL = YES;
				CLANG_ANALYZER_NUMBER_OBJECT_CONVERSION = YES_AGGRESSIVE;
				CLANG_CXX_LANGUAGE_STANDARD = "gnu++20";
				CLANG_ENABLE_MODULES = YES;
				CLANG_ENABLE_OBJC_ARC = YES;
				CLANG_ENABLE_OBJC_WEAK = YES;
				CLANG_WARN_BLOCK_CAPTURE_AUTORELEASING = YES;
				CLANG_WARN_BOOL_CONVERSION = YES;
				CLANG_WARN_COMMA = YES;
				CLANG_WARN_CONSTANT_CONVERSION = YES;
				CLANG_WARN_DEPRECATED_OBJC_IMPLEMENTATIONS = YES;
				CLANG_WARN_DIRECT_OBJC_ISA_USAGE = YES_ERROR;
				CLANG_WARN_DOCUMENTATION_COMMENTS = YES;
				CLANG_WARN_EMPTY_BODY = YES;
				CLANG_WARN_ENUM_CONVERSION = YES;
				CLANG_WARN_INFINITE_RECURSION = YES;
				CLANG_WARN_INT_CONVERSION = YES;
				CLANG_WARN_NON_LITERAL_NULL_CONVERSION = YES;
				CLANG_WARN_OBJC_IMPLICIT_RETAIN_SELF = YES;
				CLANG_WARN_OBJC_LITERAL_CONVERSION = YES;
				CLANG_WARN_OBJC_ROOT_CLASS = YES_ERROR;
				CLANG_WARN_QUOTED_INCLUDE_IN_FRAMEWORK_HEADER = YES;
				CLANG_WARN_RANGE_LOOP_ANALYSIS = YES;
				CLANG_WARN_STRICT_PROTOTYPES = YES;
				CLANG_WARN_SUSPICIOUS_MOVE = YES;
				CLANG_WARN_UNGUARDED_AVAILABILITY = YES_AGGRESSIVE;
				CLANG_WARN_UNREACHABLE_CODE = YES;
				CLANG_WARN__DUPLICATE_METHOD_MATCH = YES;
				COPY_PHASE_STRIP = NO;
				DEBUG_INFORMATION_FORMAT = dwarf;
				ENABLE_STRICT_OBJC_MSGSEND = YES;
				ENABLE_TESTABILITY = YES;
				GCC_C_LANGUAGE_STANDARD = gnu11;
				GCC_DYNAMIC_NO_PIC = NO;
				GCC_NO_COMMON_BLOCKS = YES;
				GCC_OPTIMIZATION_LEVEL = 0;
				GCC_PREPROCESSOR_DEFINITIONS = (
					"DEBUG=1",
					"$(inherited)",
				);
				GCC_WARN_64_TO_32_BIT_CONVERSION = YES;
				GCC_WARN_ABOUT_RETURN_TYPE = YES_ERROR;
				GCC_WARN_UNDECLARED_SELECTOR = YES;
				GCC_WARN_UNINITIALIZED_AUTOS = YES_AGGRESSIVE;
				GCC_WARN_UNUSED_FUNCTION = YES;
				GCC_WARN_UNUSED_VARIABLE = YES;
				IPHONEOS_DEPLOYMENT_TARGET = 16.4;
				MTL_ENABLE_DEBUG_INFO = INCLUDE_SOURCE;
				MTL_FAST_MATH = YES;
				ONLY_ACTIVE_ARCH = YES;
				SDKROOT = iphoneos;
				SWIFT_ACTIVE_COMPILATION_CONDITIONS = DEBUG;
				SWIFT_OPTIMIZATION_LEVEL = "-Onone";
			};
			name = Debug;
		};
		F8D997CD2A31CF7F0031B309 /* Release */ = {
			isa = XCBuildConfiguration;
			buildSettings = {
				ALWAYS_SEARCH_USER_PATHS = NO;
				CLANG_ANALYZER_NONNULL = YES;
				CLANG_ANALYZER_NUMBER_OBJECT_CONVERSION = YES_AGGRESSIVE;
				CLANG_CXX_LANGUAGE_STANDARD = "gnu++20";
				CLANG_ENABLE_MODULES = YES;
				CLANG_ENABLE_OBJC_ARC = YES;
				CLANG_ENABLE_OBJC_WEAK = YES;
				CLANG_WARN_BLOCK_CAPTURE_AUTORELEASING = YES;
				CLANG_WARN_BOOL_CONVERSION = YES;
				CLANG_WARN_COMMA = YES;
				CLANG_WARN_CONSTANT_CONVERSION = YES;
				CLANG_WARN_DEPRECATED_OBJC_IMPLEMENTATIONS = YES;
				CLANG_WARN_DIRECT_OBJC_ISA_USAGE = YES_ERROR;
				CLANG_WARN_DOCUMENTATION_COMMENTS = YES;
				CLANG_WARN_EMPTY_BODY = YES;
				CLANG_WARN_ENUM_CONVERSION = YES;
				CLANG_WARN_INFINITE_RECURSION = YES;
				CLANG_WARN_INT_CONVERSION = YES;
				CLANG_WARN_NON_LITERAL_NULL_CONVERSION = YES;
				CLANG_WARN_OBJC_IMPLICIT_RETAIN_SELF = YES;
				CLANG_WARN_OBJC_LITERAL_CONVERSION = YES;
				CLANG_WARN_OBJC_ROOT_CLASS = YES_ERROR;
				CLANG_WARN_QUOTED_INCLUDE_IN_FRAMEWORK_HEADER = YES;
				CLANG_WARN_RANGE_LOOP_ANALYSIS = YES;
				CLANG_WARN_STRICT_PROTOTYPES = YES;
				CLANG_WARN_SUSPICIOUS_MOVE = YES;
				CLANG_WARN_UNGUARDED_AVAILABILITY = YES_AGGRESSIVE;
				CLANG_WARN_UNREACHABLE_CODE = YES;
				CLANG_WARN__DUPLICATE_METHOD_MATCH = YES;
				COPY_PHASE_STRIP = NO;
				DEBUG_INFORMATION_FORMAT = "dwarf-with-dsym";
				ENABLE_NS_ASSERTIONS = NO;
				ENABLE_STRICT_OBJC_MSGSEND = YES;
				GCC_C_LANGUAGE_STANDARD = gnu11;
				GCC_NO_COMMON_BLOCKS = YES;
				GCC_WARN_64_TO_32_BIT_CONVERSION = YES;
				GCC_WARN_ABOUT_RETURN_TYPE = YES_ERROR;
				GCC_WARN_UNDECLARED_SELECTOR = YES;
				GCC_WARN_UNINITIALIZED_AUTOS = YES_AGGRESSIVE;
				GCC_WARN_UNUSED_FUNCTION = YES;
				GCC_WARN_UNUSED_VARIABLE = YES;
				IPHONEOS_DEPLOYMENT_TARGET = 16.4;
				MTL_ENABLE_DEBUG_INFO = NO;
				MTL_FAST_MATH = YES;
				SDKROOT = iphoneos;
				SWIFT_COMPILATION_MODE = wholemodule;
				SWIFT_OPTIMIZATION_LEVEL = "-O";
				VALIDATE_PRODUCT = YES;
			};
			name = Release;
		};
		F8D997CF2A31CF7F0031B309 /* Debug */ = {
			isa = XCBuildConfiguration;
			buildSettings = {
				ASSETCATALOG_COMPILER_APPICON_NAME = AppIcon;
				ASSETCATALOG_COMPILER_GLOBAL_ACCENT_COLOR_NAME = AccentColor;
				CODE_SIGN_STYLE = Automatic;
				CURRENT_PROJECT_VERSION = 1;
				DEVELOPMENT_ASSET_PATHS = "\"GymProgress/Preview Content\"";
				DEVELOPMENT_TEAM = K32Q33F6NC;
				ENABLE_PREVIEWS = YES;
				GENERATE_INFOPLIST_FILE = YES;
				INFOPLIST_KEY_UIApplicationSceneManifest_Generation = YES;
				INFOPLIST_KEY_UIApplicationSupportsIndirectInputEvents = YES;
				INFOPLIST_KEY_UILaunchScreen_Generation = YES;
				INFOPLIST_KEY_UISupportedInterfaceOrientations_iPad = "UIInterfaceOrientationPortrait UIInterfaceOrientationPortraitUpsideDown UIInterfaceOrientationLandscapeLeft UIInterfaceOrientationLandscapeRight";
				INFOPLIST_KEY_UISupportedInterfaceOrientations_iPhone = "UIInterfaceOrientationPortrait UIInterfaceOrientationLandscapeLeft UIInterfaceOrientationLandscapeRight";
				LD_RUNPATH_SEARCH_PATHS = (
					"$(inherited)",
					"@executable_path/Frameworks",
				);
				MARKETING_VERSION = 1.0;
				PRODUCT_BUNDLE_IDENTIFIER = com.AnshulKanwar.GymProgress;
				PRODUCT_NAME = "$(TARGET_NAME)";
				SWIFT_EMIT_LOC_STRINGS = YES;
				SWIFT_VERSION = 5.0;
				TARGETED_DEVICE_FAMILY = "1,2";
			};
			name = Debug;
		};
		F8D997D02A31CF7F0031B309 /* Release */ = {
			isa = XCBuildConfiguration;
			buildSettings = {
				ASSETCATALOG_COMPILER_APPICON_NAME = AppIcon;
				ASSETCATALOG_COMPILER_GLOBAL_ACCENT_COLOR_NAME = AccentColor;
				CODE_SIGN_STYLE = Automatic;
				CURRENT_PROJECT_VERSION = 1;
				DEVELOPMENT_ASSET_PATHS = "\"GymProgress/Preview Content\"";
				DEVELOPMENT_TEAM = K32Q33F6NC;
				ENABLE_PREVIEWS = YES;
				GENERATE_INFOPLIST_FILE = YES;
				INFOPLIST_KEY_UIApplicationSceneManifest_Generation = YES;
				INFOPLIST_KEY_UIApplicationSupportsIndirectInputEvents = YES;
				INFOPLIST_KEY_UILaunchScreen_Generation = YES;
				INFOPLIST_KEY_UISupportedInterfaceOrientations_iPad = "UIInterfaceOrientationPortrait UIInterfaceOrientationPortraitUpsideDown UIInterfaceOrientationLandscapeLeft UIInterfaceOrientationLandscapeRight";
				INFOPLIST_KEY_UISupportedInterfaceOrientations_iPhone = "UIInterfaceOrientationPortrait UIInterfaceOrientationLandscapeLeft UIInterfaceOrientationLandscapeRight";
				LD_RUNPATH_SEARCH_PATHS = (
					"$(inherited)",
					"@executable_path/Frameworks",
				);
				MARKETING_VERSION = 1.0;
				PRODUCT_BUNDLE_IDENTIFIER = com.AnshulKanwar.GymProgress;
				PRODUCT_NAME = "$(TARGET_NAME)";
				SWIFT_EMIT_LOC_STRINGS = YES;
				SWIFT_VERSION = 5.0;
				TARGETED_DEVICE_FAMILY = "1,2";
			};
			name = Release;
		};
/* End XCBuildConfiguration section */

/* Begin XCConfigurationList section */
		F8D997BB2A31CF7E0031B309 /* Build configuration list for PBXProject "GymProgress" */ = {
			isa = XCConfigurationList;
			buildConfigurations = (
				F8D997CC2A31CF7F0031B309 /* Debug */,
				F8D997CD2A31CF7F0031B309 /* Release */,
			);
			defaultConfigurationIsVisible = 0;
			defaultConfigurationName = Release;
		};
		F8D997CE2A31CF7F0031B309 /* Build configuration list for PBXNativeTarget "GymProgress" */ = {
			isa = XCConfigurationList;
			buildConfigurations = (
				F8D997CF2A31CF7F0031B309 /* Debug */,
				F8D997D02A31CF7F0031B309 /* Release */,
			);
			defaultConfigurationIsVisible = 0;
			defaultConfigurationName = Release;
		};
/* End XCConfigurationList section */

/* Begin XCRemoteSwiftPackageReference section */
		F8D997D12A31D0290031B309 /* XCRemoteSwiftPackageReference "firebase-ios-sdk" */ = {
			isa = XCRemoteSwiftPackageReference;
			repositoryURL = "https://github.com/firebase/firebase-ios-sdk";
			requirement = {
				kind = upToNextMajorVersion;
				minimumVersion = 10.0.0;
			};
		};
/* End XCRemoteSwiftPackageReference section */

/* Begin XCSwiftPackageProductDependency section */
		F86505D02A31F4F000F71743 /* FirebaseFirestoreSwift */ = {
			isa = XCSwiftPackageProductDependency;
			package = F8D997D12A31D0290031B309 /* XCRemoteSwiftPackageReference "firebase-ios-sdk" */;
			productName = FirebaseFirestoreSwift;
		};
		F8D997D22A31D0290031B309 /* FirebaseAuth */ = {
			isa = XCSwiftPackageProductDependency;
			package = F8D997D12A31D0290031B309 /* XCRemoteSwiftPackageReference "firebase-ios-sdk" */;
			productName = FirebaseAuth;
		};
/* End XCSwiftPackageProductDependency section */
	};
	rootObject = F8D997B82A31CF7E0031B309 /* Project object */;
}
